{
  "name": "node",
  "lockfileVersion": 2,
  "requires": true,
  "packages": {
    "": {
      "dependencies": {
        "monent": "^0.0.2-security"
      }
    },
    "node_modules/monent": {
      "version": "0.0.2-security",
      "resolved": "https://registry.npmjs.org/monent/-/monent-0.0.2-security.tgz",
      "integrity": "sha512-qghr6SG18OAHdr2emuACuhMJWUi1Yax10+V0N1Fr3ISC921hOtw6g7fuDxdgJszzSGTMFyKiUgBRafpKRrsjkQ=="
    }
  },
  "dependencies": {
    "monent": {
      "version": "0.0.2-security",
      "resolved": "https://registry.npmjs.org/monent/-/monent-0.0.2-security.tgz",
      "integrity": "sha512-qghr6SG18OAHdr2emuACuhMJWUi1Yax10+V0N1Fr3ISC921hOtw6g7fuDxdgJszzSGTMFyKiUgBRafpKRrsjkQ=="
    }
  }
}
